// !$*UTF8*$!
{
	archiveVersion = 1;
	classes = {
	};
	objectVersion = 55;
	objects = {

/* Begin PBXBuildFile section */
		00719EB129EC5C5A00D6E29A /* AppDelegate.swift in Sources */ = {isa = PBXBuildFile; fileRef = 00719EB029EC5C5A00D6E29A /* AppDelegate.swift */; };
		00719EB329EC5C5A00D6E29A /* SceneDelegate.swift in Sources */ = {isa = PBXBuildFile; fileRef = 00719EB229EC5C5A00D6E29A /* SceneDelegate.swift */; };
		00719EB529EC5C5A00D6E29A /* MainViewController.swift in Sources */ = {isa = PBXBuildFile; fileRef = 00719EB429EC5C5A00D6E29A /* MainViewController.swift */; };
		00719EBA29EC5C5B00D6E29A /* Assets.xcassets in Resources */ = {isa = PBXBuildFile; fileRef = 00719EB929EC5C5B00D6E29A /* Assets.xcassets */; };
		00719EBD29EC5C5B00D6E29A /* LaunchScreen.storyboard in Resources */ = {isa = PBXBuildFile; fileRef = 00719EBB29EC5C5B00D6E29A /* LaunchScreen.storyboard */; };
		0080E63729EC70C50085234E /* ResultGameViewController.swift in Sources */ = {isa = PBXBuildFile; fileRef = 0080E63629EC70C50085234E /* ResultGameViewController.swift */; };
		0080E63A29EC70D50085234E /* RulesViewController.swift in Sources */ = {isa = PBXBuildFile; fileRef = 0080E63929EC70D50085234E /* RulesViewController.swift */; };
		0080E63D29EC70F20085234E /* TeamViewController.swift in Sources */ = {isa = PBXBuildFile; fileRef = 0080E63C29EC70F20085234E /* TeamViewController.swift */; };
		0080E64029EC710D0085234E /* CategoryViewController.swift in Sources */ = {isa = PBXBuildFile; fileRef = 0080E63F29EC710D0085234E /* CategoryViewController.swift */; };
		0080E64329EC71440085234E /* ScoreTeamViewController.swift in Sources */ = {isa = PBXBuildFile; fileRef = 0080E64229EC71440085234E /* ScoreTeamViewController.swift */; };
		0080E64629EC71510085234E /* GameViewController.swift in Sources */ = {isa = PBXBuildFile; fileRef = 0080E64529EC71510085234E /* GameViewController.swift */; };
		0080E64B29EC724A0085234E /* GameModel.swift in Sources */ = {isa = PBXBuildFile; fileRef = 0080E64A29EC724A0085234E /* GameModel.swift */; };
/* End PBXBuildFile section */

/* Begin PBXFileReference section */
		00719EAD29EC5C5A00D6E29A /* CrocodileGame.app */ = {isa = PBXFileReference; explicitFileType = wrapper.application; includeInIndex = 0; path = CrocodileGame.app; sourceTree = BUILT_PRODUCTS_DIR; };
		00719EB029EC5C5A00D6E29A /* AppDelegate.swift */ = {isa = PBXFileReference; lastKnownFileType = sourcecode.swift; path = AppDelegate.swift; sourceTree = "<group>"; };
		00719EB229EC5C5A00D6E29A /* SceneDelegate.swift */ = {isa = PBXFileReference; lastKnownFileType = sourcecode.swift; path = SceneDelegate.swift; sourceTree = "<group>"; };
		00719EB429EC5C5A00D6E29A /* MainViewController.swift */ = {isa = PBXFileReference; lastKnownFileType = sourcecode.swift; path = MainViewController.swift; sourceTree = "<group>"; };
		00719EB929EC5C5B00D6E29A /* Assets.xcassets */ = {isa = PBXFileReference; lastKnownFileType = folder.assetcatalog; path = Assets.xcassets; sourceTree = "<group>"; };
		00719EBC29EC5C5B00D6E29A /* Base */ = {isa = PBXFileReference; lastKnownFileType = file.storyboard; name = Base; path = Base.lproj/LaunchScreen.storyboard; sourceTree = "<group>"; };
		00719EBE29EC5C5B00D6E29A /* Info.plist */ = {isa = PBXFileReference; lastKnownFileType = text.plist.xml; path = Info.plist; sourceTree = "<group>"; };
		0080E63629EC70C50085234E /* ResultGameViewController.swift */ = {isa = PBXFileReference; lastKnownFileType = sourcecode.swift; path = ResultGameViewController.swift; sourceTree = "<group>"; };
		0080E63929EC70D50085234E /* RulesViewController.swift */ = {isa = PBXFileReference; lastKnownFileType = sourcecode.swift; path = RulesViewController.swift; sourceTree = "<group>"; };
		0080E63C29EC70F20085234E /* TeamViewController.swift */ = {isa = PBXFileReference; lastKnownFileType = sourcecode.swift; path = TeamViewController.swift; sourceTree = "<group>"; };
		0080E63F29EC710D0085234E /* CategoryViewController.swift */ = {isa = PBXFileReference; lastKnownFileType = sourcecode.swift; path = CategoryViewController.swift; sourceTree = "<group>"; };
		0080E64229EC71440085234E /* ScoreTeamViewController.swift */ = {isa = PBXFileReference; lastKnownFileType = sourcecode.swift; path = ScoreTeamViewController.swift; sourceTree = "<group>"; };
		0080E64529EC71510085234E /* GameViewController.swift */ = {isa = PBXFileReference; lastKnownFileType = sourcecode.swift; path = GameViewController.swift; sourceTree = "<group>"; };
		0080E64A29EC724A0085234E /* GameModel.swift */ = {isa = PBXFileReference; lastKnownFileType = sourcecode.swift; path = GameModel.swift; sourceTree = "<group>"; };
/* End PBXFileReference section */

/* Begin PBXFrameworksBuildPhase section */
		00719EAA29EC5C5A00D6E29A /* Frameworks */ = {
			isa = PBXFrameworksBuildPhase;
			buildActionMask = 2147483647;
			files = (
			);
			runOnlyForDeploymentPostprocessing = 0;
		};
/* End PBXFrameworksBuildPhase section */

/* Begin PBXGroup section */
		00719EA429EC5C5A00D6E29A = {
			isa = PBXGroup;
			children = (
				00719EAF29EC5C5A00D6E29A /* CrocodileGame */,
				00719EAE29EC5C5A00D6E29A /* Products */,
			);
			sourceTree = "<group>";
		};
		00719EAE29EC5C5A00D6E29A /* Products */ = {
			isa = PBXGroup;
			children = (
				00719EAD29EC5C5A00D6E29A /* CrocodileGame.app */,
			);
			name = Products;
			sourceTree = "<group>";
		};
		00719EAF29EC5C5A00D6E29A /* CrocodileGame */ = {
			isa = PBXGroup;
			children = (
				0080E64929EC71B70085234E /* Model */,
				0080E63429EC70820085234E /* Controllers */,
				0080E64829EC71700085234E /* Resources */,
				0080E64729EC716B0085234E /* App */,
				00719EBB29EC5C5B00D6E29A /* LaunchScreen.storyboard */,
			);
			path = CrocodileGame;
			sourceTree = "<group>";
		};
		0080E63329EC707B0085234E /* MainVC */ = {
			isa = PBXGroup;
			children = (
				00719EB429EC5C5A00D6E29A /* MainViewController.swift */,
			);
			path = MainVC;
			sourceTree = "<group>";
		};
		0080E63429EC70820085234E /* Controllers */ = {
			isa = PBXGroup;
			children = (
				0080E63829EC70CA0085234E /* RulesVC */,
				0080E63329EC707B0085234E /* MainVC */,
				0080E63B29EC70E40085234E /* TeamVC */,
				0080E63E29EC70FD0085234E /* CategoryVC */,
				0080E64429EC71470085234E /* GameVC */,
				0080E64129EC712B0085234E /* ScoreTeamVC */,
				0080E63529EC708A0085234E /* ResultsVC */,
			);
			path = Controllers;
			sourceTree = "<group>";
		};
		0080E63529EC708A0085234E /* ResultsVC */ = {
			isa = PBXGroup;
			children = (
				0080E63629EC70C50085234E /* ResultGameViewController.swift */,
			);
			name = ResultsVC;
			sourceTree = "<group>";
		};
		0080E63829EC70CA0085234E /* RulesVC */ = {
			isa = PBXGroup;
			children = (
				0080E63929EC70D50085234E /* RulesViewController.swift */,
			);
			name = RulesVC;
			sourceTree = "<group>";
		};
		0080E63B29EC70E40085234E /* TeamVC */ = {
			isa = PBXGroup;
			children = (
				0080E63C29EC70F20085234E /* TeamViewController.swift */,
			);
			path = TeamVC;
			sourceTree = "<group>";
		};
		0080E63E29EC70FD0085234E /* CategoryVC */ = {
			isa = PBXGroup;
			children = (
				0080E63F29EC710D0085234E /* CategoryViewController.swift */,
			);
			name = CategoryVC;
			sourceTree = "<group>";
		};
		0080E64129EC712B0085234E /* ScoreTeamVC */ = {
			isa = PBXGroup;
			children = (
				0080E64229EC71440085234E /* ScoreTeamViewController.swift */,
			);
			path = ScoreTeamVC;
			sourceTree = "<group>";
		};
		0080E64429EC71470085234E /* GameVC */ = {
			isa = PBXGroup;
			children = (
				0080E64529EC71510085234E /* GameViewController.swift */,
			);
			path = GameVC;
			sourceTree = "<group>";
		};
		0080E64729EC716B0085234E /* App */ = {
			isa = PBXGroup;
			children = (
				00719EB029EC5C5A00D6E29A /* AppDelegate.swift */,
				00719EB229EC5C5A00D6E29A /* SceneDelegate.swift */,
				00719EBE29EC5C5B00D6E29A /* Info.plist */,
			);
			path = App;
			sourceTree = "<group>";
		};
		0080E64829EC71700085234E /* Resources */ = {
			isa = PBXGroup;
			children = (
				00719EB929EC5C5B00D6E29A /* Assets.xcassets */,
			);
			path = Resources;
			sourceTree = "<group>";
		};
		0080E64929EC71B70085234E /* Model */ = {
			isa = PBXGroup;
			children = (
				0080E64A29EC724A0085234E /* GameModel.swift */,
			);
			path = Model;
			sourceTree = "<group>";
		};
/* End PBXGroup section */

/* Begin PBXNativeTarget section */
		00719EAC29EC5C5A00D6E29A /* CrocodileGame */ = {
			isa = PBXNativeTarget;
			buildConfigurationList = 00719EC129EC5C5B00D6E29A /* Build configuration list for PBXNativeTarget "CrocodileGame" */;
			buildPhases = (
				00719EA929EC5C5A00D6E29A /* Sources */,
				00719EAA29EC5C5A00D6E29A /* Frameworks */,
				00719EAB29EC5C5A00D6E29A /* Resources */,
			);
			buildRules = (
			);
			dependencies = (
			);
			name = CrocodileGame;
			productName = CrocodileGame;
			productReference = 00719EAD29EC5C5A00D6E29A /* CrocodileGame.app */;
			productType = "com.apple.product-type.application";
		};
/* End PBXNativeTarget section */

/* Begin PBXProject section */
		00719EA529EC5C5A00D6E29A /* Project object */ = {
			isa = PBXProject;
			attributes = {
				BuildIndependentTargetsInParallel = 1;
				LastSwiftUpdateCheck = 1420;
				LastUpgradeCheck = 1420;
				TargetAttributes = {
					00719EAC29EC5C5A00D6E29A = {
						CreatedOnToolsVersion = 14.2;
					};
				};
			};
			buildConfigurationList = 00719EA829EC5C5A00D6E29A /* Build configuration list for PBXProject "CrocodileGame" */;
			compatibilityVersion = "Xcode 13.0";
			developmentRegion = en;
			hasScannedForEncodings = 0;
			knownRegions = (
				en,
				Base,
			);
			mainGroup = 00719EA429EC5C5A00D6E29A;
			productRefGroup = 00719EAE29EC5C5A00D6E29A /* Products */;
			projectDirPath = "";
			projectRoot = "";
			targets = (
				00719EAC29EC5C5A00D6E29A /* CrocodileGame */,
			);
		};
/* End PBXProject section */

/* Begin PBXResourcesBuildPhase section */
		00719EAB29EC5C5A00D6E29A /* Resources */ = {
			isa = PBXResourcesBuildPhase;
			buildActionMask = 2147483647;
			files = (
				00719EBD29EC5C5B00D6E29A /* LaunchScreen.storyboard in Resources */,
				00719EBA29EC5C5B00D6E29A /* Assets.xcassets in Resources */,
			);
			runOnlyForDeploymentPostprocessing = 0;
		};
/* End PBXResourcesBuildPhase section */

/* Begin PBXSourcesBuildPhase section */
		00719EA929EC5C5A00D6E29A /* Sources */ = {
			isa = PBXSourcesBuildPhase;
			buildActionMask = 2147483647;
			files = (
				0080E63A29EC70D50085234E /* RulesViewController.swift in Sources */,
				0080E63D29EC70F20085234E /* TeamViewController.swift in Sources */,
				0080E64329EC71440085234E /* ScoreTeamViewController.swift in Sources */,
				0080E64029EC710D0085234E /* CategoryViewController.swift in Sources */,
				0080E64629EC71510085234E /* GameViewController.swift in Sources */,
				0080E64B29EC724A0085234E /* GameModel.swift in Sources */,
				00719EB529EC5C5A00D6E29A /* MainViewController.swift in Sources */,
				0080E63729EC70C50085234E /* ResultGameViewController.swift in Sources */,
				00719EB129EC5C5A00D6E29A /* AppDelegate.swift in Sources */,
				00719EB329EC5C5A00D6E29A /* SceneDelegate.swift in Sources */,
			);
			runOnlyForDeploymentPostprocessing = 0;
		};
/* End PBXSourcesBuildPhase section */

/* Begin PBXVariantGroup section */
		00719EBB29EC5C5B00D6E29A /* LaunchScreen.storyboard */ = {
			isa = PBXVariantGroup;
			children = (
				00719EBC29EC5C5B00D6E29A /* Base */,
			);
			name = LaunchScreen.storyboard;
			sourceTree = "<group>";
		};
/* End PBXVariantGroup section */

/* Begin XCBuildConfiguration section */
		00719EBF29EC5C5B00D6E29A /* Debug */ = {
			isa = XCBuildConfiguration;
			buildSettings = {
				ALWAYS_SEARCH_USER_PATHS = NO;
				CLANG_ANALYZER_NONNULL = YES;
				CLANG_ANALYZER_NUMBER_OBJECT_CONVERSION = YES_AGGRESSIVE;
				CLANG_CXX_LANGUAGE_STANDARD = "gnu++20";
				CLANG_ENABLE_MODULES = YES;
				CLANG_ENABLE_OBJC_ARC = YES;
				CLANG_ENABLE_OBJC_WEAK = YES;
				CLANG_WARN_BLOCK_CAPTURE_AUTORELEASING = YES;
				CLANG_WARN_BOOL_CONVERSION = YES;
				CLANG_WARN_COMMA = YES;
				CLANG_WARN_CONSTANT_CONVERSION = YES;
				CLANG_WARN_DEPRECATED_OBJC_IMPLEMENTATIONS = YES;
				CLANG_WARN_DIRECT_OBJC_ISA_USAGE = YES_ERROR;
				CLANG_WARN_DOCUMENTATION_COMMENTS = YES;
				CLANG_WARN_EMPTY_BODY = YES;
				CLANG_WARN_ENUM_CONVERSION = YES;
				CLANG_WARN_INFINITE_RECURSION = YES;
				CLANG_WARN_INT_CONVERSION = YES;
				CLANG_WARN_NON_LITERAL_NULL_CONVERSION = YES;
				CLANG_WARN_OBJC_IMPLICIT_RETAIN_SELF = YES;
				CLANG_WARN_OBJC_LITERAL_CONVERSION = YES;
				CLANG_WARN_OBJC_ROOT_CLASS = YES_ERROR;
				CLANG_WARN_QUOTED_INCLUDE_IN_FRAMEWORK_HEADER = YES;
				CLANG_WARN_RANGE_LOOP_ANALYSIS = YES;
				CLANG_WARN_STRICT_PROTOTYPES = YES;
				CLANG_WARN_SUSPICIOUS_MOVE = YES;
				CLANG_WARN_UNGUARDED_AVAILABILITY = YES_AGGRESSIVE;
				CLANG_WARN_UNREACHABLE_CODE = YES;
				CLANG_WARN__DUPLICATE_METHOD_MATCH = YES;
				COPY_PHASE_STRIP = NO;
				DEBUG_INFORMATION_FORMAT = dwarf;
				ENABLE_STRICT_OBJC_MSGSEND = YES;
				ENABLE_TESTABILITY = YES;
				GCC_C_LANGUAGE_STANDARD = gnu11;
				GCC_DYNAMIC_NO_PIC = NO;
				GCC_NO_COMMON_BLOCKS = YES;
				GCC_OPTIMIZATION_LEVEL = 0;
				GCC_PREPROCESSOR_DEFINITIONS = (
					"DEBUG=1",
					"$(inherited)",
				);
				GCC_WARN_64_TO_32_BIT_CONVERSION = YES;
				GCC_WARN_ABOUT_RETURN_TYPE = YES_ERROR;
				GCC_WARN_UNDECLARED_SELECTOR = YES;
				GCC_WARN_UNINITIALIZED_AUTOS = YES_AGGRESSIVE;
				GCC_WARN_UNUSED_FUNCTION = YES;
				GCC_WARN_UNUSED_VARIABLE = YES;
				IPHONEOS_DEPLOYMENT_TARGET = 15.0;
				MTL_ENABLE_DEBUG_INFO = INCLUDE_SOURCE;
				MTL_FAST_MATH = YES;
				ONLY_ACTIVE_ARCH = YES;
				SDKROOT = iphoneos;
				SWIFT_ACTIVE_COMPILATION_CONDITIONS = DEBUG;
				SWIFT_OPTIMIZATION_LEVEL = "-Onone";
			};
			name = Debug;
		};
		00719EC029EC5C5B00D6E29A /* Release */ = {
			isa = XCBuildConfiguration;
			buildSettings = {
				ALWAYS_SEARCH_USER_PATHS = NO;
				CLANG_ANALYZER_NONNULL = YES;
				CLANG_ANALYZER_NUMBER_OBJECT_CONVERSION = YES_AGGRESSIVE;
				CLANG_CXX_LANGUAGE_STANDARD = "gnu++20";
				CLANG_ENABLE_MODULES = YES;
				CLANG_ENABLE_OBJC_ARC = YES;
				CLANG_ENABLE_OBJC_WEAK = YES;
				CLANG_WARN_BLOCK_CAPTURE_AUTORELEASING = YES;
				CLANG_WARN_BOOL_CONVERSION = YES;
				CLANG_WARN_COMMA = YES;
				CLANG_WARN_CONSTANT_CONVERSION = YES;
				CLANG_WARN_DEPRECATED_OBJC_IMPLEMENTATIONS = YES;
				CLANG_WARN_DIRECT_OBJC_ISA_USAGE = YES_ERROR;
				CLANG_WARN_DOCUMENTATION_COMMENTS = YES;
				CLANG_WARN_EMPTY_BODY = YES;
				CLANG_WARN_ENUM_CONVERSION = YES;
				CLANG_WARN_INFINITE_RECURSION = YES;
				CLANG_WARN_INT_CONVERSION = YES;
				CLANG_WARN_NON_LITERAL_NULL_CONVERSION = YES;
				CLANG_WARN_OBJC_IMPLICIT_RETAIN_SELF = YES;
				CLANG_WARN_OBJC_LITERAL_CONVERSION = YES;
				CLANG_WARN_OBJC_ROOT_CLASS = YES_ERROR;
				CLANG_WARN_QUOTED_INCLUDE_IN_FRAMEWORK_HEADER = YES;
				CLANG_WARN_RANGE_LOOP_ANALYSIS = YES;
				CLANG_WARN_STRICT_PROTOTYPES = YES;
				CLANG_WARN_SUSPICIOUS_MOVE = YES;
				CLANG_WARN_UNGUARDED_AVAILABILITY = YES_AGGRESSIVE;
				CLANG_WARN_UNREACHABLE_CODE = YES;
				CLANG_WARN__DUPLICATE_METHOD_MATCH = YES;
				COPY_PHASE_STRIP = NO;
				DEBUG_INFORMATION_FORMAT = "dwarf-with-dsym";
				ENABLE_NS_ASSERTIONS = NO;
				ENABLE_STRICT_OBJC_MSGSEND = YES;
				GCC_C_LANGUAGE_STANDARD = gnu11;
				GCC_NO_COMMON_BLOCKS = YES;
				GCC_WARN_64_TO_32_BIT_CONVERSION = YES;
				GCC_WARN_ABOUT_RETURN_TYPE = YES_ERROR;
				GCC_WARN_UNDECLARED_SELECTOR = YES;
				GCC_WARN_UNINITIALIZED_AUTOS = YES_AGGRESSIVE;
				GCC_WARN_UNUSED_FUNCTION = YES;
				GCC_WARN_UNUSED_VARIABLE = YES;
				IPHONEOS_DEPLOYMENT_TARGET = 15.0;
				MTL_ENABLE_DEBUG_INFO = NO;
				MTL_FAST_MATH = YES;
				SDKROOT = iphoneos;
				SWIFT_COMPILATION_MODE = wholemodule;
				SWIFT_OPTIMIZATION_LEVEL = "-O";
				VALIDATE_PRODUCT = YES;
			};
			name = Release;
		};
		00719EC229EC5C5B00D6E29A /* Debug */ = {
			isa = XCBuildConfiguration;
			buildSettings = {
				ASSETCATALOG_COMPILER_APPICON_NAME = AppIcon;
				ASSETCATALOG_COMPILER_GLOBAL_ACCENT_COLOR_NAME = AccentColor;
				CODE_SIGN_STYLE = Automatic;
				CURRENT_PROJECT_VERSION = 1;
				DEVELOPMENT_TEAM = W9FSXFWG34;
				GENERATE_INFOPLIST_FILE = YES;
				INFOPLIST_FILE = CrocodileGame/App/Info.plist;
				INFOPLIST_KEY_UIApplicationSupportsIndirectInputEvents = YES;
				INFOPLIST_KEY_UILaunchStoryboardName = LaunchScreen;
				INFOPLIST_KEY_UISupportedInterfaceOrientations = UIInterfaceOrientationPortrait;
				LD_RUNPATH_SEARCH_PATHS = (
					"$(inherited)",
					"@executable_path/Frameworks",
				);
				MARKETING_VERSION = 1.0;
				PRODUCT_BUNDLE_IDENTIFIER = com.artemorlov.CrocodileGame;
				PRODUCT_NAME = "$(TARGET_NAME)";
				SWIFT_EMIT_LOC_STRINGS = YES;
				SWIFT_VERSION = 5.0;
				TARGETED_DEVICE_FAMILY = "1,2";
			};
			name = Debug;
		};
		00719EC329EC5C5B00D6E29A /* Release */ = {
			isa = XCBuildConfiguration;
			buildSettings = {
				ASSETCATALOG_COMPILER_APPICON_NAME = AppIcon;
				ASSETCATALOG_COMPILER_GLOBAL_ACCENT_COLOR_NAME = AccentColor;
				CODE_SIGN_STYLE = Automatic;
				CURRENT_PROJECT_VERSION = 1;
				DEVELOPMENT_TEAM = W9FSXFWG34;
				GENERATE_INFOPLIST_FILE = YES;
				INFOPLIST_FILE = CrocodileGame/App/Info.plist;
				INFOPLIST_KEY_UIApplicationSupportsIndirectInputEvents = YES;
				INFOPLIST_KEY_UILaunchStoryboardName = LaunchScreen;
				INFOPLIST_KEY_UISupportedInterfaceOrientations = UIInterfaceOrientationPortrait;
				LD_RUNPATH_SEARCH_PATHS = (
					"$(inherited)",
					"@executable_path/Frameworks",
				);
				MARKETING_VERSION = 1.0;
				PRODUCT_BUNDLE_IDENTIFIER = com.artemorlov.CrocodileGame;
				PRODUCT_NAME = "$(TARGET_NAME)";
				SWIFT_EMIT_LOC_STRINGS = YES;
				SWIFT_VERSION = 5.0;
				TARGETED_DEVICE_FAMILY = "1,2";
			};
			name = Release;
		};
/* End XCBuildConfiguration section */

/* Begin XCConfigurationList section */
		00719EA829EC5C5A00D6E29A /* Build configuration list for PBXProject "CrocodileGame" */ = {
			isa = XCConfigurationList;
			buildConfigurations = (
				00719EBF29EC5C5B00D6E29A /* Debug */,
				00719EC029EC5C5B00D6E29A /* Release */,
			);
			defaultConfigurationIsVisible = 0;
			defaultConfigurationName = Release;
		};
		00719EC129EC5C5B00D6E29A /* Build configuration list for PBXNativeTarget "CrocodileGame" */ = {
			isa = XCConfigurationList;
			buildConfigurations = (
				00719EC229EC5C5B00D6E29A /* Debug */,
				00719EC329EC5C5B00D6E29A /* Release */,
			);
			defaultConfigurationIsVisible = 0;
			defaultConfigurationName = Release;
		};
/* End XCConfigurationList section */
	};
	rootObject = 00719EA529EC5C5A00D6E29A /* Project object */;
}
